
Microsoft Visual Studio Solution File, Format Version 12.00
# Visual Studio Version 17
VisualStudioVersion = 17.0.31903.59
MinimumVisualStudioVersion = 10.0.40219.1
Project("{FAE04EC0-301F-11D3-BF4B-00C04F79EFBC}") = "epex.mordhau.recode", "epex.mordhau.recode\epex.mordhau.recode.csproj", "{21F48205-9851-42A0-A4DA-B31210384176}"
EndProject
Global
	GlobalSection(SolutionConfigurationPlatforms) = preSolution
		Debug|Any CPU = Debug|Any CPU
		Debug|Mixed Platforms = Debug|Mixed Platforms
		Debug|x64 = Debug|x64
		Release|Any CPU = Release|Any CPU
		Release|Mixed Platforms = Release|Mixed Platforms
		Release|x64 = Release|x64
	EndGlobalSection
	GlobalSection(ProjectConfigurationPlatforms) = postSolution
		{21F48205-9851-42A0-A4DA-B31210384176}.Debug|Any CPU.ActiveCfg = Debug|x64
		{21F48205-9851-42A0-A4DA-B31210384176}.Debug|Any CPU.Build.0 = Debug|x64
		{21F48205-9851-42A0-A4DA-B31210384176}.Debug|Mixed Platforms.ActiveCfg = Debug|x64
		{21F48205-9851-42A0-A4DA-B31210384176}.Debug|Mixed Platforms.Build.0 = Debug|x64
		{21F48205-9851-42A0-A4DA-B31210384176}.Debug|x64.ActiveCfg = Debug|x64
		{21F48205-9851-42A0-A4DA-B31210384176}.Debug|x64.Build.0 = Debug|x64
		{21F48205-9851-42A0-A4DA-B31210384176}.Release|Any CPU.ActiveCfg = Release|x64
		{21F48205-9851-42A0-A4DA-B31210384176}.Release|Any CPU.Build.0 = Release|x64
		{21F48205-9851-42A0-A4DA-B31210384176}.Release|Mixed Platforms.ActiveCfg = Release|x64
		{21F48205-9851-42A0-A4DA-B31210384176}.Release|Mixed Platforms.Build.0 = Release|x64
		{21F48205-9851-42A0-A4DA-B31210384176}.Release|x64.ActiveCfg = Release|x64
		{21F48205-9851-42A0-A4DA-B31210384176}.Release|x64.Build.0 = Release|x64
	EndGlobalSection
	GlobalSection(SolutionProperties) = preSolution
		HideSolutionNode = FALSE
	EndGlobalSection
EndGlobal
